
Microsoft Visual Studio Solution File, Format Version 12.00
# Visual Studio Version 16
VisualStudioVersion = 16.0.31624.102
MinimumVisualStudioVersion = 10.0.40219.1
Project("{FAE04EC0-301F-11D3-BF4B-00C04F79EFBC}") = "Practika", "Practika\Practika.csproj", "{601429FA-ED1C-4DFA-8B15-41B79D9A9138}"
EndProject
Global
	GlobalSection(SolutionConfigurationPlatforms) = preSolution
		Debug|Any CPU = Debug|Any CPU
		Release|Any CPU = Release|Any CPU
	EndGlobalSection
	GlobalSection(ProjectConfigurationPlatforms) = postSolution
		{601429FA-ED1C-4DFA-8B15-41B79D9A9138}.Debug|Any CPU.ActiveCfg = Debug|Any CPU
		{601429FA-ED1C-4DFA-8B15-41B79D9A9138}.Debug|Any CPU.Build.0 = Debug|Any CPU
		{601429FA-ED1C-4DFA-8B15-41B79D9A9138}.Release|Any CPU.ActiveCfg = Release|Any CPU
		{601429FA-ED1C-4DFA-8B15-41B79D9A9138}.Release|Any CPU.Build.0 = Release|Any CPU
	EndGlobalSection
	GlobalSection(SolutionProperties) = preSolution
		HideSolutionNode = FALSE
	EndGlobalSection
	GlobalSection(ExtensibilityGlobals) = postSolution
		SolutionGuid = {E2CF08CD-6A54-485A-A1B6-15E2D96A31C7}
	EndGlobalSection
EndGlobal
